
Microsoft Visual Studio Solution File, Format Version 12.00
Project("{FAE04EC0-301F-11D3-BF4B-00C04F79EFBC}") = "VeterinariaAntioquia", "VeterinariaAntioquia\VeterinariaAntioquia.csproj", "{068499E8-90EB-4309-8239-8D5F04C12025}"
EndProject
Project("{FAE04EC0-301F-11D3-BF4B-00C04F79EFBC}") = "VeterinariaAntioquia.Shared", "VeterinariaAntioquia.Shared\VeterinariaAntioquia.Shared.csproj", "{43D20EDB-7FDC-4677-B7C0-B875D3E71916}"
EndProject
Project("{FAE04EC0-301F-11D3-BF4B-00C04F79EFBC}") = "VeterinariaAntioquia.Web", "VeterinariaAntioquia.Web\VeterinariaAntioquia.Web.csproj", "{20860E05-DC88-40DC-A0A2-E6DBFF4C91F9}"
EndProject
Global
	GlobalSection(SolutionConfigurationPlatforms) = preSolution
		Debug|Any CPU = Debug|Any CPU
		Release|Any CPU = Release|Any CPU
	EndGlobalSection
	GlobalSection(ProjectConfigurationPlatforms) = postSolution
		{068499E8-90EB-4309-8239-8D5F04C12025}.Debug|Any CPU.ActiveCfg = Debug|Any CPU
		{068499E8-90EB-4309-8239-8D5F04C12025}.Debug|Any CPU.Build.0 = Debug|Any CPU
		{068499E8-90EB-4309-8239-8D5F04C12025}.Release|Any CPU.ActiveCfg = Release|Any CPU
		{068499E8-90EB-4309-8239-8D5F04C12025}.Release|Any CPU.Build.0 = Release|Any CPU
		{43D20EDB-7FDC-4677-B7C0-B875D3E71916}.Debug|Any CPU.ActiveCfg = Debug|Any CPU
		{43D20EDB-7FDC-4677-B7C0-B875D3E71916}.Debug|Any CPU.Build.0 = Debug|Any CPU
		{43D20EDB-7FDC-4677-B7C0-B875D3E71916}.Release|Any CPU.ActiveCfg = Release|Any CPU
		{43D20EDB-7FDC-4677-B7C0-B875D3E71916}.Release|Any CPU.Build.0 = Release|Any CPU
		{20860E05-DC88-40DC-A0A2-E6DBFF4C91F9}.Debug|Any CPU.ActiveCfg = Debug|Any CPU
		{20860E05-DC88-40DC-A0A2-E6DBFF4C91F9}.Debug|Any CPU.Build.0 = Debug|Any CPU
		{20860E05-DC88-40DC-A0A2-E6DBFF4C91F9}.Release|Any CPU.ActiveCfg = Release|Any CPU
		{20860E05-DC88-40DC-A0A2-E6DBFF4C91F9}.Release|Any CPU.Build.0 = Release|Any CPU
	EndGlobalSection
EndGlobal
